// !$*UTF8*$!
{
	archiveVersion = 1;
	classes = {
	};
	objectVersion = 50;
	objects = {

/* Begin PBXBuildFile section */
		E6E6B85F253BEAA9009F326B /* AppDelegate.swift in Sources */ = {isa = PBXBuildFile; fileRef = E6E6B85E253BEAA9009F326B /* AppDelegate.swift */; };
		E6E6B861253BEAA9009F326B /* SceneDelegate.swift in Sources */ = {isa = PBXBuildFile; fileRef = E6E6B860253BEAA9009F326B /* SceneDelegate.swift */; };
		E6E6B863253BEAA9009F326B /* ViewController.swift in Sources */ = {isa = PBXBuildFile; fileRef = E6E6B862253BEAA9009F326B /* ViewController.swift */; };
		E6E6B866253BEAA9009F326B /* Main.storyboard in Resources */ = {isa = PBXBuildFile; fileRef = E6E6B864253BEAA9009F326B /* Main.storyboard */; };
		E6E6B868253BEAAC009F326B /* Assets.xcassets in Resources */ = {isa = PBXBuildFile; fileRef = E6E6B867253BEAAC009F326B /* Assets.xcassets */; };
		E6E6B86B253BEAAC009F326B /* LaunchScreen.storyboard in Resources */ = {isa = PBXBuildFile; fileRef = E6E6B869253BEAAC009F326B /* LaunchScreen.storyboard */; };
		E6E6B876253BEAAC009F326B /* clean_rx_swiftTests.swift in Sources */ = {isa = PBXBuildFile; fileRef = E6E6B875253BEAAC009F326B /* clean_rx_swiftTests.swift */; };
		E6E6B881253BEAAC009F326B /* clean_rx_swiftUITests.swift in Sources */ = {isa = PBXBuildFile; fileRef = E6E6B880253BEAAC009F326B /* clean_rx_swiftUITests.swift */; };
		E6E6B89C253BED9A009F326B /* Domain.framework in Frameworks */ = {isa = PBXBuildFile; fileRef = E6E6B893253BED9A009F326B /* Domain.framework */; };
		E6E6B8A3253BED9A009F326B /* DomainTests.swift in Sources */ = {isa = PBXBuildFile; fileRef = E6E6B8A2253BED9A009F326B /* DomainTests.swift */; };
		E6E6B8A5253BED9A009F326B /* Domain.h in Headers */ = {isa = PBXBuildFile; fileRef = E6E6B895253BED9A009F326B /* Domain.h */; settings = {ATTRIBUTES = (Public, ); }; };
		E6E6B8A8253BED9A009F326B /* Domain.framework in Frameworks */ = {isa = PBXBuildFile; fileRef = E6E6B893253BED9A009F326B /* Domain.framework */; };
		E6E6B8A9253BED9A009F326B /* Domain.framework in Embed Frameworks */ = {isa = PBXBuildFile; fileRef = E6E6B893253BED9A009F326B /* Domain.framework */; settings = {ATTRIBUTES = (CodeSignOnCopy, RemoveHeadersOnCopy, ); }; };
/* End PBXBuildFile section */

/* Begin PBXContainerItemProxy section */
		E6E6B872253BEAAC009F326B /* PBXContainerItemProxy */ = {
			isa = PBXContainerItemProxy;
			containerPortal = E6E6B853253BEAA9009F326B /* Project object */;
			proxyType = 1;
			remoteGlobalIDString = E6E6B85A253BEAA9009F326B;
			remoteInfo = clean_rx_swift;
		};
		E6E6B87D253BEAAC009F326B /* PBXContainerItemProxy */ = {
			isa = PBXContainerItemProxy;
			containerPortal = E6E6B853253BEAA9009F326B /* Project object */;
			proxyType = 1;
			remoteGlobalIDString = E6E6B85A253BEAA9009F326B;
			remoteInfo = clean_rx_swift;
		};
		E6E6B89D253BED9A009F326B /* PBXContainerItemProxy */ = {
			isa = PBXContainerItemProxy;
			containerPortal = E6E6B853253BEAA9009F326B /* Project object */;
			proxyType = 1;
			remoteGlobalIDString = E6E6B892253BED9A009F326B;
			remoteInfo = Domain;
		};
		E6E6B89F253BED9A009F326B /* PBXContainerItemProxy */ = {
			isa = PBXContainerItemProxy;
			containerPortal = E6E6B853253BEAA9009F326B /* Project object */;
			proxyType = 1;
			remoteGlobalIDString = E6E6B85A253BEAA9009F326B;
			remoteInfo = clean_rx_swift;
		};
		E6E6B8A6253BED9A009F326B /* PBXContainerItemProxy */ = {
			isa = PBXContainerItemProxy;
			containerPortal = E6E6B853253BEAA9009F326B /* Project object */;
			proxyType = 1;
			remoteGlobalIDString = E6E6B892253BED9A009F326B;
			remoteInfo = Domain;
		};
/* End PBXContainerItemProxy section */

/* Begin PBXCopyFilesBuildPhase section */
		E6E6B8AD253BED9A009F326B /* Embed Frameworks */ = {
			isa = PBXCopyFilesBuildPhase;
			buildActionMask = 2147483647;
			dstPath = "";
			dstSubfolderSpec = 10;
			files = (
				E6E6B8A9253BED9A009F326B /* Domain.framework in Embed Frameworks */,
			);
			name = "Embed Frameworks";
			runOnlyForDeploymentPostprocessing = 0;
		};
/* End PBXCopyFilesBuildPhase section */

/* Begin PBXFileReference section */
		E6E6B85B253BEAA9009F326B /* clean_rx_swift.app */ = {isa = PBXFileReference; explicitFileType = wrapper.application; includeInIndex = 0; path = clean_rx_swift.app; sourceTree = BUILT_PRODUCTS_DIR; };
		E6E6B85E253BEAA9009F326B /* AppDelegate.swift */ = {isa = PBXFileReference; lastKnownFileType = sourcecode.swift; path = AppDelegate.swift; sourceTree = "<group>"; };
		E6E6B860253BEAA9009F326B /* SceneDelegate.swift */ = {isa = PBXFileReference; lastKnownFileType = sourcecode.swift; path = SceneDelegate.swift; sourceTree = "<group>"; };
		E6E6B862253BEAA9009F326B /* ViewController.swift */ = {isa = PBXFileReference; lastKnownFileType = sourcecode.swift; path = ViewController.swift; sourceTree = "<group>"; };
		E6E6B865253BEAA9009F326B /* Base */ = {isa = PBXFileReference; lastKnownFileType = file.storyboard; name = Base; path = Base.lproj/Main.storyboard; sourceTree = "<group>"; };
		E6E6B867253BEAAC009F326B /* Assets.xcassets */ = {isa = PBXFileReference; lastKnownFileType = folder.assetcatalog; path = Assets.xcassets; sourceTree = "<group>"; };
		E6E6B86A253BEAAC009F326B /* Base */ = {isa = PBXFileReference; lastKnownFileType = file.storyboard; name = Base; path = Base.lproj/LaunchScreen.storyboard; sourceTree = "<group>"; };
		E6E6B86C253BEAAC009F326B /* Info.plist */ = {isa = PBXFileReference; lastKnownFileType = text.plist.xml; path = Info.plist; sourceTree = "<group>"; };
		E6E6B871253BEAAC009F326B /* clean_rx_swiftTests.xctest */ = {isa = PBXFileReference; explicitFileType = wrapper.cfbundle; includeInIndex = 0; path = clean_rx_swiftTests.xctest; sourceTree = BUILT_PRODUCTS_DIR; };
		E6E6B875253BEAAC009F326B /* clean_rx_swiftTests.swift */ = {isa = PBXFileReference; lastKnownFileType = sourcecode.swift; path = clean_rx_swiftTests.swift; sourceTree = "<group>"; };
		E6E6B877253BEAAC009F326B /* Info.plist */ = {isa = PBXFileReference; lastKnownFileType = text.plist.xml; path = Info.plist; sourceTree = "<group>"; };
		E6E6B87C253BEAAC009F326B /* clean_rx_swiftUITests.xctest */ = {isa = PBXFileReference; explicitFileType = wrapper.cfbundle; includeInIndex = 0; path = clean_rx_swiftUITests.xctest; sourceTree = BUILT_PRODUCTS_DIR; };
		E6E6B880253BEAAC009F326B /* clean_rx_swiftUITests.swift */ = {isa = PBXFileReference; lastKnownFileType = sourcecode.swift; path = clean_rx_swiftUITests.swift; sourceTree = "<group>"; };
		E6E6B882253BEAAC009F326B /* Info.plist */ = {isa = PBXFileReference; lastKnownFileType = text.plist.xml; path = Info.plist; sourceTree = "<group>"; };
		E6E6B893253BED9A009F326B /* Domain.framework */ = {isa = PBXFileReference; explicitFileType = wrapper.framework; includeInIndex = 0; path = Domain.framework; sourceTree = BUILT_PRODUCTS_DIR; };
		E6E6B895253BED9A009F326B /* Domain.h */ = {isa = PBXFileReference; lastKnownFileType = sourcecode.c.h; path = Domain.h; sourceTree = "<group>"; };
		E6E6B896253BED9A009F326B /* Info.plist */ = {isa = PBXFileReference; lastKnownFileType = text.plist.xml; path = Info.plist; sourceTree = "<group>"; };
		E6E6B89B253BED9A009F326B /* DomainTests.xctest */ = {isa = PBXFileReference; explicitFileType = wrapper.cfbundle; includeInIndex = 0; path = DomainTests.xctest; sourceTree = BUILT_PRODUCTS_DIR; };
		E6E6B8A2253BED9A009F326B /* DomainTests.swift */ = {isa = PBXFileReference; lastKnownFileType = sourcecode.swift; path = DomainTests.swift; sourceTree = "<group>"; };
		E6E6B8A4253BED9A009F326B /* Info.plist */ = {isa = PBXFileReference; lastKnownFileType = text.plist.xml; path = Info.plist; sourceTree = "<group>"; };
/* End PBXFileReference section */

/* Begin PBXFrameworksBuildPhase section */
		E6E6B858253BEAA9009F326B /* Frameworks */ = {
			isa = PBXFrameworksBuildPhase;
			buildActionMask = 2147483647;
			files = (
				E6E6B8A8253BED9A009F326B /* Domain.framework in Frameworks */,
			);
			runOnlyForDeploymentPostprocessing = 0;
		};
		E6E6B86E253BEAAC009F326B /* Frameworks */ = {
			isa = PBXFrameworksBuildPhase;
			buildActionMask = 2147483647;
			files = (
			);
			runOnlyForDeploymentPostprocessing = 0;
		};
		E6E6B879253BEAAC009F326B /* Frameworks */ = {
			isa = PBXFrameworksBuildPhase;
			buildActionMask = 2147483647;
			files = (
			);
			runOnlyForDeploymentPostprocessing = 0;
		};
		E6E6B890253BED9A009F326B /* Frameworks */ = {
			isa = PBXFrameworksBuildPhase;
			buildActionMask = 2147483647;
			files = (
			);
			runOnlyForDeploymentPostprocessing = 0;
		};
		E6E6B898253BED9A009F326B /* Frameworks */ = {
			isa = PBXFrameworksBuildPhase;
			buildActionMask = 2147483647;
			files = (
				E6E6B89C253BED9A009F326B /* Domain.framework in Frameworks */,
			);
			runOnlyForDeploymentPostprocessing = 0;
		};
/* End PBXFrameworksBuildPhase section */

/* Begin PBXGroup section */
		E6E6B852253BEAA9009F326B = {
			isa = PBXGroup;
			children = (
				E6E6B85D253BEAA9009F326B /* clean_rx_swift */,
				E6E6B874253BEAAC009F326B /* clean_rx_swiftTests */,
				E6E6B87F253BEAAC009F326B /* clean_rx_swiftUITests */,
				E6E6B894253BED9A009F326B /* Domain */,
				E6E6B8A1253BED9A009F326B /* DomainTests */,
				E6E6B85C253BEAA9009F326B /* Products */,
			);
			sourceTree = "<group>";
		};
		E6E6B85C253BEAA9009F326B /* Products */ = {
			isa = PBXGroup;
			children = (
				E6E6B85B253BEAA9009F326B /* clean_rx_swift.app */,
				E6E6B871253BEAAC009F326B /* clean_rx_swiftTests.xctest */,
				E6E6B87C253BEAAC009F326B /* clean_rx_swiftUITests.xctest */,
				E6E6B893253BED9A009F326B /* Domain.framework */,
				E6E6B89B253BED9A009F326B /* DomainTests.xctest */,
			);
			name = Products;
			sourceTree = "<group>";
		};
		E6E6B85D253BEAA9009F326B /* clean_rx_swift */ = {
			isa = PBXGroup;
			children = (
				E6E6B85E253BEAA9009F326B /* AppDelegate.swift */,
				E6E6B860253BEAA9009F326B /* SceneDelegate.swift */,
				E6E6B862253BEAA9009F326B /* ViewController.swift */,
				E6E6B864253BEAA9009F326B /* Main.storyboard */,
				E6E6B867253BEAAC009F326B /* Assets.xcassets */,
				E6E6B869253BEAAC009F326B /* LaunchScreen.storyboard */,
				E6E6B86C253BEAAC009F326B /* Info.plist */,
			);
			path = clean_rx_swift;
			sourceTree = "<group>";
		};
		E6E6B874253BEAAC009F326B /* clean_rx_swiftTests */ = {
			isa = PBXGroup;
			children = (
				E6E6B875253BEAAC009F326B /* clean_rx_swiftTests.swift */,
				E6E6B877253BEAAC009F326B /* Info.plist */,
			);
			path = clean_rx_swiftTests;
			sourceTree = "<group>";
		};
		E6E6B87F253BEAAC009F326B /* clean_rx_swiftUITests */ = {
			isa = PBXGroup;
			children = (
				E6E6B880253BEAAC009F326B /* clean_rx_swiftUITests.swift */,
				E6E6B882253BEAAC009F326B /* Info.plist */,
			);
			path = clean_rx_swiftUITests;
			sourceTree = "<group>";
		};
		E6E6B894253BED9A009F326B /* Domain */ = {
			isa = PBXGroup;
			children = (
				E6E6B895253BED9A009F326B /* Domain.h */,
				E6E6B896253BED9A009F326B /* Info.plist */,
			);
			path = Domain;
			sourceTree = "<group>";
		};
		E6E6B8A1253BED9A009F326B /* DomainTests */ = {
			isa = PBXGroup;
			children = (
				E6E6B8A2253BED9A009F326B /* DomainTests.swift */,
				E6E6B8A4253BED9A009F326B /* Info.plist */,
			);
			path = DomainTests;
			sourceTree = "<group>";
		};
/* End PBXGroup section */

/* Begin PBXHeadersBuildPhase section */
		E6E6B88E253BED9A009F326B /* Headers */ = {
			isa = PBXHeadersBuildPhase;
			buildActionMask = 2147483647;
			files = (
				E6E6B8A5253BED9A009F326B /* Domain.h in Headers */,
			);
			runOnlyForDeploymentPostprocessing = 0;
		};
/* End PBXHeadersBuildPhase section */

/* Begin PBXNativeTarget section */
		E6E6B85A253BEAA9009F326B /* clean_rx_swift */ = {
			isa = PBXNativeTarget;
			buildConfigurationList = E6E6B885253BEAAC009F326B /* Build configuration list for PBXNativeTarget "clean_rx_swift" */;
			buildPhases = (
				E6E6B857253BEAA9009F326B /* Sources */,
				E6E6B858253BEAA9009F326B /* Frameworks */,
				E6E6B859253BEAA9009F326B /* Resources */,
				E6E6B8AD253BED9A009F326B /* Embed Frameworks */,
			);
			buildRules = (
			);
			dependencies = (
				E6E6B8A7253BED9A009F326B /* PBXTargetDependency */,
			);
			name = clean_rx_swift;
			productName = clean_rx_swift;
			productReference = E6E6B85B253BEAA9009F326B /* clean_rx_swift.app */;
			productType = "com.apple.product-type.application";
		};
		E6E6B870253BEAAC009F326B /* clean_rx_swiftTests */ = {
			isa = PBXNativeTarget;
			buildConfigurationList = E6E6B888253BEAAC009F326B /* Build configuration list for PBXNativeTarget "clean_rx_swiftTests" */;
			buildPhases = (
				E6E6B86D253BEAAC009F326B /* Sources */,
				E6E6B86E253BEAAC009F326B /* Frameworks */,
				E6E6B86F253BEAAC009F326B /* Resources */,
			);
			buildRules = (
			);
			dependencies = (
				E6E6B873253BEAAC009F326B /* PBXTargetDependency */,
			);
			name = clean_rx_swiftTests;
			productName = clean_rx_swiftTests;
			productReference = E6E6B871253BEAAC009F326B /* clean_rx_swiftTests.xctest */;
			productType = "com.apple.product-type.bundle.unit-test";
		};
		E6E6B87B253BEAAC009F326B /* clean_rx_swiftUITests */ = {
			isa = PBXNativeTarget;
			buildConfigurationList = E6E6B88B253BEAAC009F326B /* Build configuration list for PBXNativeTarget "clean_rx_swiftUITests" */;
			buildPhases = (
				E6E6B878253BEAAC009F326B /* Sources */,
				E6E6B879253BEAAC009F326B /* Frameworks */,
				E6E6B87A253BEAAC009F326B /* Resources */,
			);
			buildRules = (
			);
			dependencies = (
				E6E6B87E253BEAAC009F326B /* PBXTargetDependency */,
			);
			name = clean_rx_swiftUITests;
			productName = clean_rx_swiftUITests;
			productReference = E6E6B87C253BEAAC009F326B /* clean_rx_swiftUITests.xctest */;
			productType = "com.apple.product-type.bundle.ui-testing";
		};
		E6E6B892253BED9A009F326B /* Domain */ = {
			isa = PBXNativeTarget;
			buildConfigurationList = E6E6B8AA253BED9A009F326B /* Build configuration list for PBXNativeTarget "Domain" */;
			buildPhases = (
				E6E6B88E253BED9A009F326B /* Headers */,
				E6E6B88F253BED9A009F326B /* Sources */,
				E6E6B890253BED9A009F326B /* Frameworks */,
				E6E6B891253BED9A009F326B /* Resources */,
			);
			buildRules = (
			);
			dependencies = (
			);
			name = Domain;
			productName = Domain;
			productReference = E6E6B893253BED9A009F326B /* Domain.framework */;
			productType = "com.apple.product-type.framework";
		};
		E6E6B89A253BED9A009F326B /* DomainTests */ = {
			isa = PBXNativeTarget;
			buildConfigurationList = E6E6B8AE253BED9A009F326B /* Build configuration list for PBXNativeTarget "DomainTests" */;
			buildPhases = (
				E6E6B897253BED9A009F326B /* Sources */,
				E6E6B898253BED9A009F326B /* Frameworks */,
				E6E6B899253BED9A009F326B /* Resources */,
			);
			buildRules = (
			);
			dependencies = (
				E6E6B89E253BED9A009F326B /* PBXTargetDependency */,
				E6E6B8A0253BED9A009F326B /* PBXTargetDependency */,
			);
			name = DomainTests;
			productName = DomainTests;
			productReference = E6E6B89B253BED9A009F326B /* DomainTests.xctest */;
			productType = "com.apple.product-type.bundle.unit-test";
		};
/* End PBXNativeTarget section */

/* Begin PBXProject section */
		E6E6B853253BEAA9009F326B /* Project object */ = {
			isa = PBXProject;
			attributes = {
				LastSwiftUpdateCheck = 1140;
				LastUpgradeCheck = 1140;
				ORGANIZATIONNAME = "岡本 遼";
				TargetAttributes = {
					E6E6B85A253BEAA9009F326B = {
						CreatedOnToolsVersion = 11.4;
					};
					E6E6B870253BEAAC009F326B = {
						CreatedOnToolsVersion = 11.4;
						TestTargetID = E6E6B85A253BEAA9009F326B;
					};
					E6E6B87B253BEAAC009F326B = {
						CreatedOnToolsVersion = 11.4;
						TestTargetID = E6E6B85A253BEAA9009F326B;
					};
					E6E6B892253BED9A009F326B = {
						CreatedOnToolsVersion = 11.4;
					};
					E6E6B89A253BED9A009F326B = {
						CreatedOnToolsVersion = 11.4;
						TestTargetID = E6E6B85A253BEAA9009F326B;
					};
				};
			};
			buildConfigurationList = E6E6B856253BEAA9009F326B /* Build configuration list for PBXProject "clean_rx_swift" */;
			compatibilityVersion = "Xcode 9.3";
			developmentRegion = en;
			hasScannedForEncodings = 0;
			knownRegions = (
				en,
				Base,
			);
			mainGroup = E6E6B852253BEAA9009F326B;
			productRefGroup = E6E6B85C253BEAA9009F326B /* Products */;
			projectDirPath = "";
			projectRoot = "";
			targets = (
				E6E6B85A253BEAA9009F326B /* clean_rx_swift */,
				E6E6B870253BEAAC009F326B /* clean_rx_swiftTests */,
				E6E6B87B253BEAAC009F326B /* clean_rx_swiftUITests */,
				E6E6B892253BED9A009F326B /* Domain */,
				E6E6B89A253BED9A009F326B /* DomainTests */,
			);
		};
/* End PBXProject section */

/* Begin PBXResourcesBuildPhase section */
		E6E6B859253BEAA9009F326B /* Resources */ = {
			isa = PBXResourcesBuildPhase;
			buildActionMask = 2147483647;
			files = (
				E6E6B86B253BEAAC009F326B /* LaunchScreen.storyboard in Resources */,
				E6E6B868253BEAAC009F326B /* Assets.xcassets in Resources */,
				E6E6B866253BEAA9009F326B /* Main.storyboard in Resources */,
			);
			runOnlyForDeploymentPostprocessing = 0;
		};
		E6E6B86F253BEAAC009F326B /* Resources */ = {
			isa = PBXResourcesBuildPhase;
			buildActionMask = 2147483647;
			files = (
			);
			runOnlyForDeploymentPostprocessing = 0;
		};
		E6E6B87A253BEAAC009F326B /* Resources */ = {
			isa = PBXResourcesBuildPhase;
			buildActionMask = 2147483647;
			files = (
			);
			runOnlyForDeploymentPostprocessing = 0;
		};
		E6E6B891253BED9A009F326B /* Resources */ = {
			isa = PBXResourcesBuildPhase;
			buildActionMask = 2147483647;
			files = (
			);
			runOnlyForDeploymentPostprocessing = 0;
		};
		E6E6B899253BED9A009F326B /* Resources */ = {
			isa = PBXResourcesBuildPhase;
			buildActionMask = 2147483647;
			files = (
			);
			runOnlyForDeploymentPostprocessing = 0;
		};
/* End PBXResourcesBuildPhase section */

/* Begin PBXSourcesBuildPhase section */
		E6E6B857253BEAA9009F326B /* Sources */ = {
			isa = PBXSourcesBuildPhase;
			buildActionMask = 2147483647;
			files = (
				E6E6B863253BEAA9009F326B /* ViewController.swift in Sources */,
				E6E6B85F253BEAA9009F326B /* AppDelegate.swift in Sources */,
				E6E6B861253BEAA9009F326B /* SceneDelegate.swift in Sources */,
			);
			runOnlyForDeploymentPostprocessing = 0;
		};
		E6E6B86D253BEAAC009F326B /* Sources */ = {
			isa = PBXSourcesBuildPhase;
			buildActionMask = 2147483647;
			files = (
				E6E6B876253BEAAC009F326B /* clean_rx_swiftTests.swift in Sources */,
			);
			runOnlyForDeploymentPostprocessing = 0;
		};
		E6E6B878253BEAAC009F326B /* Sources */ = {
			isa = PBXSourcesBuildPhase;
			buildActionMask = 2147483647;
			files = (
				E6E6B881253BEAAC009F326B /* clean_rx_swiftUITests.swift in Sources */,
			);
			runOnlyForDeploymentPostprocessing = 0;
		};
		E6E6B88F253BED9A009F326B /* Sources */ = {
			isa = PBXSourcesBuildPhase;
			buildActionMask = 2147483647;
			files = (
			);
			runOnlyForDeploymentPostprocessing = 0;
		};
		E6E6B897253BED9A009F326B /* Sources */ = {
			isa = PBXSourcesBuildPhase;
			buildActionMask = 2147483647;
			files = (
				E6E6B8A3253BED9A009F326B /* DomainTests.swift in Sources */,
			);
			runOnlyForDeploymentPostprocessing = 0;
		};
/* End PBXSourcesBuildPhase section */

/* Begin PBXTargetDependency section */
		E6E6B873253BEAAC009F326B /* PBXTargetDependency */ = {
			isa = PBXTargetDependency;
			target = E6E6B85A253BEAA9009F326B /* clean_rx_swift */;
			targetProxy = E6E6B872253BEAAC009F326B /* PBXContainerItemProxy */;
		};
		E6E6B87E253BEAAC009F326B /* PBXTargetDependency */ = {
			isa = PBXTargetDependency;
			target = E6E6B85A253BEAA9009F326B /* clean_rx_swift */;
			targetProxy = E6E6B87D253BEAAC009F326B /* PBXContainerItemProxy */;
		};
		E6E6B89E253BED9A009F326B /* PBXTargetDependency */ = {
			isa = PBXTargetDependency;
			target = E6E6B892253BED9A009F326B /* Domain */;
			targetProxy = E6E6B89D253BED9A009F326B /* PBXContainerItemProxy */;
		};
		E6E6B8A0253BED9A009F326B /* PBXTargetDependency */ = {
			isa = PBXTargetDependency;
			target = E6E6B85A253BEAA9009F326B /* clean_rx_swift */;
			targetProxy = E6E6B89F253BED9A009F326B /* PBXContainerItemProxy */;
		};
		E6E6B8A7253BED9A009F326B /* PBXTargetDependency */ = {
			isa = PBXTargetDependency;
			target = E6E6B892253BED9A009F326B /* Domain */;
			targetProxy = E6E6B8A6253BED9A009F326B /* PBXContainerItemProxy */;
		};
/* End PBXTargetDependency section */

/* Begin PBXVariantGroup section */
		E6E6B864253BEAA9009F326B /* Main.storyboard */ = {
			isa = PBXVariantGroup;
			children = (
				E6E6B865253BEAA9009F326B /* Base */,
			);
			name = Main.storyboard;
			sourceTree = "<group>";
		};
		E6E6B869253BEAAC009F326B /* LaunchScreen.storyboard */ = {
			isa = PBXVariantGroup;
			children = (
				E6E6B86A253BEAAC009F326B /* Base */,
			);
			name = LaunchScreen.storyboard;
			sourceTree = "<group>";
		};
/* End PBXVariantGroup section */

/* Begin XCBuildConfiguration section */
		E6E6B883253BEAAC009F326B /* Debug */ = {
			isa = XCBuildConfiguration;
			buildSettings = {
				ALWAYS_SEARCH_USER_PATHS = NO;
				CLANG_ANALYZER_NONNULL = YES;
				CLANG_ANALYZER_NUMBER_OBJECT_CONVERSION = YES_AGGRESSIVE;
				CLANG_CXX_LANGUAGE_STANDARD = "gnu++14";
				CLANG_CXX_LIBRARY = "libc++";
				CLANG_ENABLE_MODULES = YES;
				CLANG_ENABLE_OBJC_ARC = YES;
				CLANG_ENABLE_OBJC_WEAK = YES;
				CLANG_WARN_BLOCK_CAPTURE_AUTORELEASING = YES;
				CLANG_WARN_BOOL_CONVERSION = YES;
				CLANG_WARN_COMMA = YES;
				CLANG_WARN_CONSTANT_CONVERSION = YES;
				CLANG_WARN_DEPRECATED_OBJC_IMPLEMENTATIONS = YES;
				CLANG_WARN_DIRECT_OBJC_ISA_USAGE = YES_ERROR;
				CLANG_WARN_DOCUMENTATION_COMMENTS = YES;
				CLANG_WARN_EMPTY_BODY = YES;
				CLANG_WARN_ENUM_CONVERSION = YES;
				CLANG_WARN_INFINITE_RECURSION = YES;
				CLANG_WARN_INT_CONVERSION = YES;
				CLANG_WARN_NON_LITERAL_NULL_CONVERSION = YES;
				CLANG_WARN_OBJC_IMPLICIT_RETAIN_SELF = YES;
				CLANG_WARN_OBJC_LITERAL_CONVERSION = YES;
				CLANG_WARN_OBJC_ROOT_CLASS = YES_ERROR;
				CLANG_WARN_RANGE_LOOP_ANALYSIS = YES;
				CLANG_WARN_STRICT_PROTOTYPES = YES;
				CLANG_WARN_SUSPICIOUS_MOVE = YES;
				CLANG_WARN_UNGUARDED_AVAILABILITY = YES_AGGRESSIVE;
				CLANG_WARN_UNREACHABLE_CODE = YES;
				CLANG_WARN__DUPLICATE_METHOD_MATCH = YES;
				COPY_PHASE_STRIP = NO;
				DEBUG_INFORMATION_FORMAT = dwarf;
				ENABLE_STRICT_OBJC_MSGSEND = YES;
				ENABLE_TESTABILITY = YES;
				GCC_C_LANGUAGE_STANDARD = gnu11;
				GCC_DYNAMIC_NO_PIC = NO;
				GCC_NO_COMMON_BLOCKS = YES;
				GCC_OPTIMIZATION_LEVEL = 0;
				GCC_PREPROCESSOR_DEFINITIONS = (
					"DEBUG=1",
					"$(inherited)",
				);
				GCC_WARN_64_TO_32_BIT_CONVERSION = YES;
				GCC_WARN_ABOUT_RETURN_TYPE = YES_ERROR;
				GCC_WARN_UNDECLARED_SELECTOR = YES;
				GCC_WARN_UNINITIALIZED_AUTOS = YES_AGGRESSIVE;
				GCC_WARN_UNUSED_FUNCTION = YES;
				GCC_WARN_UNUSED_VARIABLE = YES;
				IPHONEOS_DEPLOYMENT_TARGET = 13.4;
				MTL_ENABLE_DEBUG_INFO = INCLUDE_SOURCE;
				MTL_FAST_MATH = YES;
				ONLY_ACTIVE_ARCH = YES;
				SDKROOT = iphoneos;
				SWIFT_ACTIVE_COMPILATION_CONDITIONS = DEBUG;
				SWIFT_OPTIMIZATION_LEVEL = "-Onone";
			};
			name = Debug;
		};
		E6E6B884253BEAAC009F326B /* Release */ = {
			isa = XCBuildConfiguration;
			buildSettings = {
				ALWAYS_SEARCH_USER_PATHS = NO;
				CLANG_ANALYZER_NONNULL = YES;
				CLANG_ANALYZER_NUMBER_OBJECT_CONVERSION = YES_AGGRESSIVE;
				CLANG_CXX_LANGUAGE_STANDARD = "gnu++14";
				CLANG_CXX_LIBRARY = "libc++";
				CLANG_ENABLE_MODULES = YES;
				CLANG_ENABLE_OBJC_ARC = YES;
				CLANG_ENABLE_OBJC_WEAK = YES;
				CLANG_WARN_BLOCK_CAPTURE_AUTORELEASING = YES;
				CLANG_WARN_BOOL_CONVERSION = YES;
				CLANG_WARN_COMMA = YES;
				CLANG_WARN_CONSTANT_CONVERSION = YES;
				CLANG_WARN_DEPRECATED_OBJC_IMPLEMENTATIONS = YES;
				CLANG_WARN_DIRECT_OBJC_ISA_USAGE = YES_ERROR;
				CLANG_WARN_DOCUMENTATION_COMMENTS = YES;
				CLANG_WARN_EMPTY_BODY = YES;
				CLANG_WARN_ENUM_CONVERSION = YES;
				CLANG_WARN_INFINITE_RECURSION = YES;
				CLANG_WARN_INT_CONVERSION = YES;
				CLANG_WARN_NON_LITERAL_NULL_CONVERSION = YES;
				CLANG_WARN_OBJC_IMPLICIT_RETAIN_SELF = YES;
				CLANG_WARN_OBJC_LITERAL_CONVERSION = YES;
				CLANG_WARN_OBJC_ROOT_CLASS = YES_ERROR;
				CLANG_WARN_RANGE_LOOP_ANALYSIS = YES;
				CLANG_WARN_STRICT_PROTOTYPES = YES;
				CLANG_WARN_SUSPICIOUS_MOVE = YES;
				CLANG_WARN_UNGUARDED_AVAILABILITY = YES_AGGRESSIVE;
				CLANG_WARN_UNREACHABLE_CODE = YES;
				CLANG_WARN__DUPLICATE_METHOD_MATCH = YES;
				COPY_PHASE_STRIP = NO;
				DEBUG_INFORMATION_FORMAT = "dwarf-with-dsym";
				ENABLE_NS_ASSERTIONS = NO;
				ENABLE_STRICT_OBJC_MSGSEND = YES;
				GCC_C_LANGUAGE_STANDARD = gnu11;
				GCC_NO_COMMON_BLOCKS = YES;
				GCC_WARN_64_TO_32_BIT_CONVERSION = YES;
				GCC_WARN_ABOUT_RETURN_TYPE = YES_ERROR;
				GCC_WARN_UNDECLARED_SELECTOR = YES;
				GCC_WARN_UNINITIALIZED_AUTOS = YES_AGGRESSIVE;
				GCC_WARN_UNUSED_FUNCTION = YES;
				GCC_WARN_UNUSED_VARIABLE = YES;
				IPHONEOS_DEPLOYMENT_TARGET = 13.4;
				MTL_ENABLE_DEBUG_INFO = NO;
				MTL_FAST_MATH = YES;
				SDKROOT = iphoneos;
				SWIFT_COMPILATION_MODE = wholemodule;
				SWIFT_OPTIMIZATION_LEVEL = "-O";
				VALIDATE_PRODUCT = YES;
			};
			name = Release;
		};
		E6E6B886253BEAAC009F326B /* Debug */ = {
			isa = XCBuildConfiguration;
			buildSettings = {
				ASSETCATALOG_COMPILER_APPICON_NAME = AppIcon;
				CODE_SIGN_STYLE = Automatic;
				DEVELOPMENT_TEAM = MZYKS3HWX8;
				INFOPLIST_FILE = clean_rx_swift/Info.plist;
				LD_RUNPATH_SEARCH_PATHS = (
					"$(inherited)",
					"@executable_path/Frameworks",
				);
				PRODUCT_BUNDLE_IDENTIFIER = "oliveapps.clean-rx-swift";
				PRODUCT_NAME = "$(TARGET_NAME)";
				SWIFT_VERSION = 5.0;
				TARGETED_DEVICE_FAMILY = "1,2";
			};
			name = Debug;
		};
		E6E6B887253BEAAC009F326B /* Release */ = {
			isa = XCBuildConfiguration;
			buildSettings = {
				ASSETCATALOG_COMPILER_APPICON_NAME = AppIcon;
				CODE_SIGN_STYLE = Automatic;
				DEVELOPMENT_TEAM = MZYKS3HWX8;
				INFOPLIST_FILE = clean_rx_swift/Info.plist;
				LD_RUNPATH_SEARCH_PATHS = (
					"$(inherited)",
					"@executable_path/Frameworks",
				);
				PRODUCT_BUNDLE_IDENTIFIER = "oliveapps.clean-rx-swift";
				PRODUCT_NAME = "$(TARGET_NAME)";
				SWIFT_VERSION = 5.0;
				TARGETED_DEVICE_FAMILY = "1,2";
			};
			name = Release;
		};
		E6E6B889253BEAAC009F326B /* Debug */ = {
			isa = XCBuildConfiguration;
			buildSettings = {
				ALWAYS_EMBED_SWIFT_STANDARD_LIBRARIES = YES;
				BUNDLE_LOADER = "$(TEST_HOST)";
				CODE_SIGN_STYLE = Automatic;
				DEVELOPMENT_TEAM = MZYKS3HWX8;
				INFOPLIST_FILE = clean_rx_swiftTests/Info.plist;
				IPHONEOS_DEPLOYMENT_TARGET = 13.4;
				LD_RUNPATH_SEARCH_PATHS = (
					"$(inherited)",
					"@executable_path/Frameworks",
					"@loader_path/Frameworks",
				);
				PRODUCT_BUNDLE_IDENTIFIER = "oliveapps.clean-rx-swiftTests";
				PRODUCT_NAME = "$(TARGET_NAME)";
				SWIFT_VERSION = 5.0;
				TARGETED_DEVICE_FAMILY = "1,2";
				TEST_HOST = "$(BUILT_PRODUCTS_DIR)/clean_rx_swift.app/clean_rx_swift";
			};
			name = Debug;
		};
		E6E6B88A253BEAAC009F326B /* Release */ = {
			isa = XCBuildConfiguration;
			buildSettings = {
				ALWAYS_EMBED_SWIFT_STANDARD_LIBRARIES = YES;
				BUNDLE_LOADER = "$(TEST_HOST)";
				CODE_SIGN_STYLE = Automatic;
				DEVELOPMENT_TEAM = MZYKS3HWX8;
				INFOPLIST_FILE = clean_rx_swiftTests/Info.plist;
				IPHONEOS_DEPLOYMENT_TARGET = 13.4;
				LD_RUNPATH_SEARCH_PATHS = (
					"$(inherited)",
					"@executable_path/Frameworks",
					"@loader_path/Frameworks",
				);
				PRODUCT_BUNDLE_IDENTIFIER = "oliveapps.clean-rx-swiftTests";
				PRODUCT_NAME = "$(TARGET_NAME)";
				SWIFT_VERSION = 5.0;
				TARGETED_DEVICE_FAMILY = "1,2";
				TEST_HOST = "$(BUILT_PRODUCTS_DIR)/clean_rx_swift.app/clean_rx_swift";
			};
			name = Release;
		};
		E6E6B88C253BEAAC009F326B /* Debug */ = {
			isa = XCBuildConfiguration;
			buildSettings = {
				ALWAYS_EMBED_SWIFT_STANDARD_LIBRARIES = YES;
				CODE_SIGN_STYLE = Automatic;
				DEVELOPMENT_TEAM = MZYKS3HWX8;
				INFOPLIST_FILE = clean_rx_swiftUITests/Info.plist;
				LD_RUNPATH_SEARCH_PATHS = (
					"$(inherited)",
					"@executable_path/Frameworks",
					"@loader_path/Frameworks",
				);
				PRODUCT_BUNDLE_IDENTIFIER = "oliveapps.clean-rx-swiftUITests";
				PRODUCT_NAME = "$(TARGET_NAME)";
				SWIFT_VERSION = 5.0;
				TARGETED_DEVICE_FAMILY = "1,2";
				TEST_TARGET_NAME = clean_rx_swift;
			};
			name = Debug;
		};
		E6E6B88D253BEAAC009F326B /* Release */ = {
			isa = XCBuildConfiguration;
			buildSettings = {
				ALWAYS_EMBED_SWIFT_STANDARD_LIBRARIES = YES;
				CODE_SIGN_STYLE = Automatic;
				DEVELOPMENT_TEAM = MZYKS3HWX8;
				INFOPLIST_FILE = clean_rx_swiftUITests/Info.plist;
				LD_RUNPATH_SEARCH_PATHS = (
					"$(inherited)",
					"@executable_path/Frameworks",
					"@loader_path/Frameworks",
				);
				PRODUCT_BUNDLE_IDENTIFIER = "oliveapps.clean-rx-swiftUITests";
				PRODUCT_NAME = "$(TARGET_NAME)";
				SWIFT_VERSION = 5.0;
				TARGETED_DEVICE_FAMILY = "1,2";
				TEST_TARGET_NAME = clean_rx_swift;
			};
			name = Release;
		};
		E6E6B8AB253BED9A009F326B /* Debug */ = {
			isa = XCBuildConfiguration;
			buildSettings = {
				CODE_SIGN_STYLE = Automatic;
				CURRENT_PROJECT_VERSION = 1;
				DEFINES_MODULE = YES;
				DEVELOPMENT_TEAM = MZYKS3HWX8;
				DYLIB_COMPATIBILITY_VERSION = 1;
				DYLIB_CURRENT_VERSION = 1;
				DYLIB_INSTALL_NAME_BASE = "@rpath";
				INFOPLIST_FILE = Domain/Info.plist;
				INSTALL_PATH = "$(LOCAL_LIBRARY_DIR)/Frameworks";
				LD_RUNPATH_SEARCH_PATHS = (
					"$(inherited)",
					"@executable_path/Frameworks",
					"@loader_path/Frameworks",
				);
				PRODUCT_BUNDLE_IDENTIFIER = oliveapps.Domain;
				PRODUCT_NAME = "$(TARGET_NAME:c99extidentifier)";
				SKIP_INSTALL = YES;
				SWIFT_VERSION = 5.0;
				TARGETED_DEVICE_FAMILY = "1,2";
				VERSIONING_SYSTEM = "apple-generic";
				VERSION_INFO_PREFIX = "";
			};
			name = Debug;
		};
		E6E6B8AC253BED9A009F326B /* Release */ = {
			isa = XCBuildConfiguration;
			buildSettings = {
				CODE_SIGN_STYLE = Automatic;
				CURRENT_PROJECT_VERSION = 1;
				DEFINES_MODULE = YES;
				DEVELOPMENT_TEAM = MZYKS3HWX8;
				DYLIB_COMPATIBILITY_VERSION = 1;
				DYLIB_CURRENT_VERSION = 1;
				DYLIB_INSTALL_NAME_BASE = "@rpath";
				INFOPLIST_FILE = Domain/Info.plist;
				INSTALL_PATH = "$(LOCAL_LIBRARY_DIR)/Frameworks";
				LD_RUNPATH_SEARCH_PATHS = (
					"$(inherited)",
					"@executable_path/Frameworks",
					"@loader_path/Frameworks",
				);
				PRODUCT_BUNDLE_IDENTIFIER = oliveapps.Domain;
				PRODUCT_NAME = "$(TARGET_NAME:c99extidentifier)";
				SKIP_INSTALL = YES;
				SWIFT_VERSION = 5.0;
				TARGETED_DEVICE_FAMILY = "1,2";
				VERSIONING_SYSTEM = "apple-generic";
				VERSION_INFO_PREFIX = "";
			};
			name = Release;
		};
		E6E6B8AF253BED9A009F326B /* Debug */ = {
			isa = XCBuildConfiguration;
			buildSettings = {
				ALWAYS_EMBED_SWIFT_STANDARD_LIBRARIES = YES;
				CODE_SIGN_STYLE = Automatic;
				DEVELOPMENT_TEAM = MZYKS3HWX8;
				INFOPLIST_FILE = DomainTests/Info.plist;
				LD_RUNPATH_SEARCH_PATHS = (
					"$(inherited)",
					"@executable_path/Frameworks",
					"@loader_path/Frameworks",
				);
				PRODUCT_BUNDLE_IDENTIFIER = oliveapps.DomainTests;
				PRODUCT_NAME = "$(TARGET_NAME)";
				SWIFT_VERSION = 5.0;
				TARGETED_DEVICE_FAMILY = "1,2";
				TEST_HOST = "$(BUILT_PRODUCTS_DIR)/clean_rx_swift.app/clean_rx_swift";
			};
			name = Debug;
		};
		E6E6B8B0253BED9A009F326B /* Release */ = {
			isa = XCBuildConfiguration;
			buildSettings = {
				ALWAYS_EMBED_SWIFT_STANDARD_LIBRARIES = YES;
				CODE_SIGN_STYLE = Automatic;
				DEVELOPMENT_TEAM = MZYKS3HWX8;
				INFOPLIST_FILE = DomainTests/Info.plist;
				LD_RUNPATH_SEARCH_PATHS = (
					"$(inherited)",
					"@executable_path/Frameworks",
					"@loader_path/Frameworks",
				);
				PRODUCT_BUNDLE_IDENTIFIER = oliveapps.DomainTests;
				PRODUCT_NAME = "$(TARGET_NAME)";
				SWIFT_VERSION = 5.0;
				TARGETED_DEVICE_FAMILY = "1,2";
				TEST_HOST = "$(BUILT_PRODUCTS_DIR)/clean_rx_swift.app/clean_rx_swift";
			};
			name = Release;
		};
/* End XCBuildConfiguration section */

/* Begin XCConfigurationList section */
		E6E6B856253BEAA9009F326B /* Build configuration list for PBXProject "clean_rx_swift" */ = {
			isa = XCConfigurationList;
			buildConfigurations = (
				E6E6B883253BEAAC009F326B /* Debug */,
				E6E6B884253BEAAC009F326B /* Release */,
			);
			defaultConfigurationIsVisible = 0;
			defaultConfigurationName = Release;
		};
		E6E6B885253BEAAC009F326B /* Build configuration list for PBXNativeTarget "clean_rx_swift" */ = {
			isa = XCConfigurationList;
			buildConfigurations = (
				E6E6B886253BEAAC009F326B /* Debug */,
				E6E6B887253BEAAC009F326B /* Release */,
			);
			defaultConfigurationIsVisible = 0;
			defaultConfigurationName = Release;
		};
		E6E6B888253BEAAC009F326B /* Build configuration list for PBXNativeTarget "clean_rx_swiftTests" */ = {
			isa = XCConfigurationList;
			buildConfigurations = (
				E6E6B889253BEAAC009F326B /* Debug */,
				E6E6B88A253BEAAC009F326B /* Release */,
			);
			defaultConfigurationIsVisible = 0;
			defaultConfigurationName = Release;
		};
		E6E6B88B253BEAAC009F326B /* Build configuration list for PBXNativeTarget "clean_rx_swiftUITests" */ = {
			isa = XCConfigurationList;
			buildConfigurations = (
				E6E6B88C253BEAAC009F326B /* Debug */,
				E6E6B88D253BEAAC009F326B /* Release */,
			);
			defaultConfigurationIsVisible = 0;
			defaultConfigurationName = Release;
		};
		E6E6B8AA253BED9A009F326B /* Build configuration list for PBXNativeTarget "Domain" */ = {
			isa = XCConfigurationList;
			buildConfigurations = (
				E6E6B8AB253BED9A009F326B /* Debug */,
				E6E6B8AC253BED9A009F326B /* Release */,
			);
			defaultConfigurationIsVisible = 0;
			defaultConfigurationName = Release;
		};
		E6E6B8AE253BED9A009F326B /* Build configuration list for PBXNativeTarget "DomainTests" */ = {
			isa = XCConfigurationList;
			buildConfigurations = (
				E6E6B8AF253BED9A009F326B /* Debug */,
				E6E6B8B0253BED9A009F326B /* Release */,
			);
			defaultConfigurationIsVisible = 0;
			defaultConfigurationName = Release;
		};
/* End XCConfigurationList section */
	};
	rootObject = E6E6B853253BEAA9009F326B /* Project object */;
}
